
Microsoft Visual Studio Solution File, Format Version 12.00
# Visual Studio Version 16
VisualStudioVersion = 16.0.29709.97
MinimumVisualStudioVersion = 10.0.40219.1
Project("{FAE04EC0-301F-11D3-BF4B-00C04F79EFBC}") = "SumCharacter", "SumCharacter\SumCharacter.csproj", "{BFEF703B-1BB4-46DA-ABB9-F1B2EC3B13E7}"
EndProject
Global
	GlobalSection(SolutionConfigurationPlatforms) = preSolution
		Debug|Any CPU = Debug|Any CPU
		Release|Any CPU = Release|Any CPU
	EndGlobalSection
	GlobalSection(ProjectConfigurationPlatforms) = postSolution
		{BFEF703B-1BB4-46DA-ABB9-F1B2EC3B13E7}.Debug|Any CPU.ActiveCfg = Debug|Any CPU
		{BFEF703B-1BB4-46DA-ABB9-F1B2EC3B13E7}.Debug|Any CPU.Build.0 = Debug|Any CPU
		{BFEF703B-1BB4-46DA-ABB9-F1B2EC3B13E7}.Release|Any CPU.ActiveCfg = Release|Any CPU
		{BFEF703B-1BB4-46DA-ABB9-F1B2EC3B13E7}.Release|Any CPU.Build.0 = Release|Any CPU
	EndGlobalSection
	GlobalSection(SolutionProperties) = preSolution
		HideSolutionNode = FALSE
	EndGlobalSection
	GlobalSection(ExtensibilityGlobals) = postSolution
		SolutionGuid = {D067800D-52FE-4C08-A285-4CA91392BA7E}
	EndGlobalSection
EndGlobal
